
Microsoft Visual Studio Solution File, Format Version 12.00
# Visual Studio Version 17
VisualStudioVersion = 17.5.002.0
MinimumVisualStudioVersion = 10.0.40219.1
Project("{9A19103F-16F7-4668-BE54-9A1E7A4F7556}") = "Classes.Common", "Classes.Common\Classes.Common.csproj", "{EF2C2CD6-88D1-45E8-B0EE-EE5B003513BD}"
EndProject
Project("{9A19103F-16F7-4668-BE54-9A1E7A4F7556}") = "main", "Main\main.csproj", "{60D9B7C6-867F-4154-A059-EBC78A999EF2}"
EndProject
Global
	GlobalSection(SolutionConfigurationPlatforms) = preSolution
		Debug|Any CPU = Debug|Any CPU
		Release|Any CPU = Release|Any CPU
	EndGlobalSection
	GlobalSection(ProjectConfigurationPlatforms) = postSolution
		{EF2C2CD6-88D1-45E8-B0EE-EE5B003513BD}.Debug|Any CPU.ActiveCfg = Debug|Any CPU
		{EF2C2CD6-88D1-45E8-B0EE-EE5B003513BD}.Debug|Any CPU.Build.0 = Debug|Any CPU
		{EF2C2CD6-88D1-45E8-B0EE-EE5B003513BD}.Release|Any CPU.ActiveCfg = Release|Any CPU
		{EF2C2CD6-88D1-45E8-B0EE-EE5B003513BD}.Release|Any CPU.Build.0 = Release|Any CPU
		{60D9B7C6-867F-4154-A059-EBC78A999EF2}.Debug|Any CPU.ActiveCfg = Debug|Any CPU
		{60D9B7C6-867F-4154-A059-EBC78A999EF2}.Debug|Any CPU.Build.0 = Debug|Any CPU
		{60D9B7C6-867F-4154-A059-EBC78A999EF2}.Release|Any CPU.ActiveCfg = Release|Any CPU
		{60D9B7C6-867F-4154-A059-EBC78A999EF2}.Release|Any CPU.Build.0 = Release|Any CPU
	EndGlobalSection
	GlobalSection(SolutionProperties) = preSolution
		HideSolutionNode = FALSE
	EndGlobalSection
	GlobalSection(ExtensibilityGlobals) = postSolution
		SolutionGuid = {1221399E-6B25-4144-887E-5792B4D212E8}
	EndGlobalSection
EndGlobal
